
Microsoft Visual Studio Solution File, Format Version 12.00
# Visual Studio Version 17
VisualStudioVersion = 17.9.34701.34
MinimumVisualStudioVersion = 10.0.40219.1
Project("{FAE04EC0-301F-11D3-BF4B-00C04F79EFBC}") = "HotelManagment", "HotelManagment\HotelManagment.csproj", "{C2CC1542-5029-4AEE-A44A-932C2E1F89B2}"
EndProject
Project("{FAE04EC0-301F-11D3-BF4B-00C04F79EFBC}") = "HotelManagment.Data", "HotelManagment.Data\HotelManagment.Data.csproj", "{83BA99C6-F015-40DD-86E2-28708EEFB3F3}"
EndProject
Project("{FAE04EC0-301F-11D3-BF4B-00C04F79EFBC}") = "HotelManagment.Domain", "HotelManagment.Domain\HotelManagment.Domain.csproj", "{1E9A6C85-AEE2-404D-A80D-0F4745B8872F}"
EndProject
Project("{FAE04EC0-301F-11D3-BF4B-00C04F79EFBC}") = "HotelManagment.Application", "HotelManagment.Application\HotelManagment.Application.csproj", "{8390410E-7B99-4AA2-9F67-A32F4E1AFFCD}"
EndProject
Global
	GlobalSection(SolutionConfigurationPlatforms) = preSolution
		Debug|Any CPU = Debug|Any CPU
		Release|Any CPU = Release|Any CPU
	EndGlobalSection
	GlobalSection(ProjectConfigurationPlatforms) = postSolution
		{C2CC1542-5029-4AEE-A44A-932C2E1F89B2}.Debug|Any CPU.ActiveCfg = Debug|Any CPU
		{C2CC1542-5029-4AEE-A44A-932C2E1F89B2}.Debug|Any CPU.Build.0 = Debug|Any CPU
		{C2CC1542-5029-4AEE-A44A-932C2E1F89B2}.Release|Any CPU.ActiveCfg = Release|Any CPU
		{C2CC1542-5029-4AEE-A44A-932C2E1F89B2}.Release|Any CPU.Build.0 = Release|Any CPU
		{83BA99C6-F015-40DD-86E2-28708EEFB3F3}.Debug|Any CPU.ActiveCfg = Debug|Any CPU
		{83BA99C6-F015-40DD-86E2-28708EEFB3F3}.Debug|Any CPU.Build.0 = Debug|Any CPU
		{83BA99C6-F015-40DD-86E2-28708EEFB3F3}.Release|Any CPU.ActiveCfg = Release|Any CPU
		{83BA99C6-F015-40DD-86E2-28708EEFB3F3}.Release|Any CPU.Build.0 = Release|Any CPU
		{1E9A6C85-AEE2-404D-A80D-0F4745B8872F}.Debug|Any CPU.ActiveCfg = Debug|Any CPU
		{1E9A6C85-AEE2-404D-A80D-0F4745B8872F}.Debug|Any CPU.Build.0 = Debug|Any CPU
		{1E9A6C85-AEE2-404D-A80D-0F4745B8872F}.Release|Any CPU.ActiveCfg = Release|Any CPU
		{1E9A6C85-AEE2-404D-A80D-0F4745B8872F}.Release|Any CPU.Build.0 = Release|Any CPU
		{8390410E-7B99-4AA2-9F67-A32F4E1AFFCD}.Debug|Any CPU.ActiveCfg = Debug|Any CPU
		{8390410E-7B99-4AA2-9F67-A32F4E1AFFCD}.Debug|Any CPU.Build.0 = Debug|Any CPU
		{8390410E-7B99-4AA2-9F67-A32F4E1AFFCD}.Release|Any CPU.ActiveCfg = Release|Any CPU
		{8390410E-7B99-4AA2-9F67-A32F4E1AFFCD}.Release|Any CPU.Build.0 = Release|Any CPU
	EndGlobalSection
	GlobalSection(SolutionProperties) = preSolution
		HideSolutionNode = FALSE
	EndGlobalSection
	GlobalSection(ExtensibilityGlobals) = postSolution
		SolutionGuid = {D5027ADF-4661-4617-9970-BFD04D27C99D}
	EndGlobalSection
EndGlobal
